
Microsoft Visual Studio Solution File, Format Version 12.00
# Visual Studio Version 17
VisualStudioVersion = 17.5.33414.496
MinimumVisualStudioVersion = 10.0.40219.1
Project("{9A19103F-16F7-4668-BE54-9A1E7A4F7556}") = "Entidades", "Entidades\Entidades.csproj", "{AF2C92CC-E1CC-4F44-B1A9-7078937C70F1}"
EndProject
Project("{9A19103F-16F7-4668-BE54-9A1E7A4F7556}") = "ConsoleApp1", "ConsoleApp1\ConsoleApp1.csproj", "{D9B9E4B7-C913-4124-AC70-368DC11AD940}"
EndProject
Project("{9A19103F-16F7-4668-BE54-9A1E7A4F7556}") = "Forms", "Login\Forms.csproj", "{7DCA90B4-31B1-4984-A844-E8676676BC68}"
EndProject
Project("{FAE04EC0-301F-11D3-BF4B-00C04F79EFBC}") = "Pruebas", "Pruebas\Pruebas.csproj", "{667042F7-A187-4F19-8D7D-31E738F07203}"
EndProject
Global
	GlobalSection(SolutionConfigurationPlatforms) = preSolution
		Debug|Any CPU = Debug|Any CPU
		Release|Any CPU = Release|Any CPU
	EndGlobalSection
	GlobalSection(ProjectConfigurationPlatforms) = postSolution
		{AF2C92CC-E1CC-4F44-B1A9-7078937C70F1}.Debug|Any CPU.ActiveCfg = Debug|Any CPU
		{AF2C92CC-E1CC-4F44-B1A9-7078937C70F1}.Debug|Any CPU.Build.0 = Debug|Any CPU
		{AF2C92CC-E1CC-4F44-B1A9-7078937C70F1}.Release|Any CPU.ActiveCfg = Release|Any CPU
		{AF2C92CC-E1CC-4F44-B1A9-7078937C70F1}.Release|Any CPU.Build.0 = Release|Any CPU
		{D9B9E4B7-C913-4124-AC70-368DC11AD940}.Debug|Any CPU.ActiveCfg = Debug|Any CPU
		{D9B9E4B7-C913-4124-AC70-368DC11AD940}.Debug|Any CPU.Build.0 = Debug|Any CPU
		{D9B9E4B7-C913-4124-AC70-368DC11AD940}.Release|Any CPU.ActiveCfg = Release|Any CPU
		{D9B9E4B7-C913-4124-AC70-368DC11AD940}.Release|Any CPU.Build.0 = Release|Any CPU
		{7DCA90B4-31B1-4984-A844-E8676676BC68}.Debug|Any CPU.ActiveCfg = Debug|Any CPU
		{7DCA90B4-31B1-4984-A844-E8676676BC68}.Debug|Any CPU.Build.0 = Debug|Any CPU
		{7DCA90B4-31B1-4984-A844-E8676676BC68}.Release|Any CPU.ActiveCfg = Release|Any CPU
		{7DCA90B4-31B1-4984-A844-E8676676BC68}.Release|Any CPU.Build.0 = Release|Any CPU
		{667042F7-A187-4F19-8D7D-31E738F07203}.Debug|Any CPU.ActiveCfg = Debug|Any CPU
		{667042F7-A187-4F19-8D7D-31E738F07203}.Debug|Any CPU.Build.0 = Debug|Any CPU
		{667042F7-A187-4F19-8D7D-31E738F07203}.Release|Any CPU.ActiveCfg = Release|Any CPU
		{667042F7-A187-4F19-8D7D-31E738F07203}.Release|Any CPU.Build.0 = Release|Any CPU
	EndGlobalSection
	GlobalSection(SolutionProperties) = preSolution
		HideSolutionNode = FALSE
	EndGlobalSection
	GlobalSection(ExtensibilityGlobals) = postSolution
		SolutionGuid = {E6D83C18-752E-4A03-8FE0-3F14C7CF0B99}
	EndGlobalSection
EndGlobal
